dependencies:
  espressif/fmt:
    component_hash: 629fefb141acf0bf838acbf9bac33ad22135b06b6da01f6cc657d59e83d5b213
    source:
      service_url: https://api.components.espressif.com/
      type: service
    version: 9.1.0
  idf:
    component_hash: null
    source:
      type: idf
    version: 5.2.1
manifest_hash: 20db9b6b4c727200b7e30aa67608912b3d5e1de6fd1fc76a90e0c50339b3a007
target: esp32s3
version: 1.0.0
